
Microsoft Visual Studio Solution File, Format Version 12.00
# Visual Studio Version 17
VisualStudioVersion = 17.3.32929.385
MinimumVisualStudioVersion = 10.0.40219.1
Project("{9A19103F-16F7-4668-BE54-9A1E7A4F7556}") = "Interview Atos", "Interview Atos.csproj", "{3BB3ECA9-0640-4D35-917A-0D0ABC714B6F}"
EndProject
Project("{2150E333-8FDC-42A3-9474-1A3956D46DE8}") = "Tests", "Tests", "{200EBCDE-D5A9-43D0-88FB-BD25B58B3711}"
EndProject
Project("{FAE04EC0-301F-11D3-BF4B-00C04F79EFBC}") = "InterviewAtos.Tests", "..\InterviewAtos.Tests\InterviewAtos.Tests.csproj", "{254ABA7E-0355-4162-9317-3BC85352BE65}"
EndProject
Project("{2150E333-8FDC-42A3-9474-1A3956D46DE8}") = "Solution Items", "Solution Items", "{459194A9-510D-48E8-8A21-44ED4D3DD69B}"
	ProjectSection(SolutionItems) = preProject
		Readme.txt = Readme.txt
	EndProjectSection
EndProject
Global
	GlobalSection(SolutionConfigurationPlatforms) = preSolution
		Debug|Any CPU = Debug|Any CPU
		Release|Any CPU = Release|Any CPU
	EndGlobalSection
	GlobalSection(ProjectConfigurationPlatforms) = postSolution
		{3BB3ECA9-0640-4D35-917A-0D0ABC714B6F}.Debug|Any CPU.ActiveCfg = Debug|Any CPU
		{3BB3ECA9-0640-4D35-917A-0D0ABC714B6F}.Debug|Any CPU.Build.0 = Debug|Any CPU
		{3BB3ECA9-0640-4D35-917A-0D0ABC714B6F}.Release|Any CPU.ActiveCfg = Release|Any CPU
		{3BB3ECA9-0640-4D35-917A-0D0ABC714B6F}.Release|Any CPU.Build.0 = Release|Any CPU
		{254ABA7E-0355-4162-9317-3BC85352BE65}.Debug|Any CPU.ActiveCfg = Debug|Any CPU
		{254ABA7E-0355-4162-9317-3BC85352BE65}.Debug|Any CPU.Build.0 = Debug|Any CPU
		{254ABA7E-0355-4162-9317-3BC85352BE65}.Release|Any CPU.ActiveCfg = Release|Any CPU
		{254ABA7E-0355-4162-9317-3BC85352BE65}.Release|Any CPU.Build.0 = Release|Any CPU
	EndGlobalSection
	GlobalSection(SolutionProperties) = preSolution
		HideSolutionNode = FALSE
	EndGlobalSection
	GlobalSection(NestedProjects) = preSolution
		{254ABA7E-0355-4162-9317-3BC85352BE65} = {200EBCDE-D5A9-43D0-88FB-BD25B58B3711}
	EndGlobalSection
	GlobalSection(ExtensibilityGlobals) = postSolution
		SolutionGuid = {3B7D1728-3CA9-4214-A86C-A6B40B66970B}
	EndGlobalSection
EndGlobal
